
Microsoft Visual Studio Solution File, Format Version 12.00
# Visual Studio Version 16
VisualStudioVersion = 16.0.31112.23
MinimumVisualStudioVersion = 10.0.40219.1
Project("{FAE04EC0-301F-11D3-BF4B-00C04F79EFBC}") = "Solution", "Solution\Solution.csproj", "{9DCDDB7D-C9F9-4ADD-8BBE-22C1EC227B1C}"
EndProject
Global
	GlobalSection(SolutionConfigurationPlatforms) = preSolution
		Debug|Any CPU = Debug|Any CPU
		Release|Any CPU = Release|Any CPU
	EndGlobalSection
	GlobalSection(ProjectConfigurationPlatforms) = postSolution
		{9DCDDB7D-C9F9-4ADD-8BBE-22C1EC227B1C}.Debug|Any CPU.ActiveCfg = Debug|Any CPU
		{9DCDDB7D-C9F9-4ADD-8BBE-22C1EC227B1C}.Debug|Any CPU.Build.0 = Debug|Any CPU
		{9DCDDB7D-C9F9-4ADD-8BBE-22C1EC227B1C}.Release|Any CPU.ActiveCfg = Release|Any CPU
		{9DCDDB7D-C9F9-4ADD-8BBE-22C1EC227B1C}.Release|Any CPU.Build.0 = Release|Any CPU
	EndGlobalSection
	GlobalSection(SolutionProperties) = preSolution
		HideSolutionNode = FALSE
	EndGlobalSection
	GlobalSection(ExtensibilityGlobals) = postSolution
		SolutionGuid = {5F0F9716-8605-4B85-9D07-167D06083B46}
	EndGlobalSection
EndGlobal
